
Microsoft Visual Studio Solution File, Format Version 12.00
# Visual Studio Version 17
VisualStudioVersion = 17.5.002.0
MinimumVisualStudioVersion = 10.0.40219.1
Project("{9A19103F-16F7-4668-BE54-9A1E7A4F7556}") = "DTT2324", "DTT2324.csproj", "{749035A9-8880-4A9D-8FAD-7464D1D52BAA}"
EndProject
Global
	GlobalSection(SolutionConfigurationPlatforms) = preSolution
		Debug|Any CPU = Debug|Any CPU
		Release|Any CPU = Release|Any CPU
	EndGlobalSection
	GlobalSection(ProjectConfigurationPlatforms) = postSolution
		{749035A9-8880-4A9D-8FAD-7464D1D52BAA}.Debug|Any CPU.ActiveCfg = Debug|Any CPU
		{749035A9-8880-4A9D-8FAD-7464D1D52BAA}.Debug|Any CPU.Build.0 = Debug|Any CPU
		{749035A9-8880-4A9D-8FAD-7464D1D52BAA}.Release|Any CPU.ActiveCfg = Release|Any CPU
		{749035A9-8880-4A9D-8FAD-7464D1D52BAA}.Release|Any CPU.Build.0 = Release|Any CPU
	EndGlobalSection
	GlobalSection(SolutionProperties) = preSolution
		HideSolutionNode = FALSE
	EndGlobalSection
	GlobalSection(ExtensibilityGlobals) = postSolution
		SolutionGuid = {A902C294-52A3-4EA2-9D04-0DECA67E9959}
	EndGlobalSection
EndGlobal
